
Microsoft Visual Studio Solution File, Format Version 11.00
# Visual Studio 2010
# SharpDevelop 4.4
Project("{FAE04EC0-301F-11D3-BF4B-00C04F79EFBC}") = "clases", "clases\clases.csproj", "{B3AC16BA-5A51-4291-AC0F-BADFE891AEA8}"
EndProject
Global
	GlobalSection(SolutionConfigurationPlatforms) = preSolution
		Debug|Any CPU = Debug|Any CPU
		Release|Any CPU = Release|Any CPU
	EndGlobalSection
	GlobalSection(ProjectConfigurationPlatforms) = postSolution
		{B3AC16BA-5A51-4291-AC0F-BADFE891AEA8}.Debug|Any CPU.Build.0 = Debug|Any CPU
		{B3AC16BA-5A51-4291-AC0F-BADFE891AEA8}.Debug|Any CPU.ActiveCfg = Debug|Any CPU
		{B3AC16BA-5A51-4291-AC0F-BADFE891AEA8}.Release|Any CPU.Build.0 = Release|Any CPU
		{B3AC16BA-5A51-4291-AC0F-BADFE891AEA8}.Release|Any CPU.ActiveCfg = Release|Any CPU
	EndGlobalSection
EndGlobal
